
Microsoft Visual Studio Solution File, Format Version 12.00
# Visual Studio Version 16
VisualStudioVersion = 16.0.30907.101
MinimumVisualStudioVersion = 10.0.40219.1
Project("{FAE04EC0-301F-11D3-BF4B-00C04F79EFBC}") = "NETCOREAUTHOR", "NETCOREAUTHOR\NETCOREAUTHOR.csproj", "{6DCF7CC4-AD9C-4B7A-A862-FD04414154C5}"
EndProject
Global
	GlobalSection(SolutionConfigurationPlatforms) = preSolution
		Debug|Any CPU = Debug|Any CPU
		Release|Any CPU = Release|Any CPU
	EndGlobalSection
	GlobalSection(ProjectConfigurationPlatforms) = postSolution
		{6DCF7CC4-AD9C-4B7A-A862-FD04414154C5}.Debug|Any CPU.ActiveCfg = Debug|Any CPU
		{6DCF7CC4-AD9C-4B7A-A862-FD04414154C5}.Debug|Any CPU.Build.0 = Debug|Any CPU
		{6DCF7CC4-AD9C-4B7A-A862-FD04414154C5}.Release|Any CPU.ActiveCfg = Release|Any CPU
		{6DCF7CC4-AD9C-4B7A-A862-FD04414154C5}.Release|Any CPU.Build.0 = Release|Any CPU
	EndGlobalSection
	GlobalSection(SolutionProperties) = preSolution
		HideSolutionNode = FALSE
	EndGlobalSection
	GlobalSection(ExtensibilityGlobals) = postSolution
		SolutionGuid = {58F67246-377A-4CF3-BC11-CF408A5E6990}
	EndGlobalSection
EndGlobal
